dependencies:
- name: mariadb
  repository: https://charts.bitnami.com/bitnami
  version: 9.3.11
- name: common
  repository: https://charts.bitnami.com/bitnami
  version: 1.5.1
- name: redis
  repository: https://charts.bitnami.com/bitnami
  version: 12.10.1
digest: sha256:29c55ad41caefc687c1a72f364cfd993403da8cae0e7cd64527585ee587475aa
generated: "2021-05-14T23:20:07.125111+02:00"
