dependencies:
- name: mariadb
  repository: https://charts.bitnami.com/bitnami
  version: 9.3.11
- name: common
  repository: https://charts.bitnami.com/bitnami
  version: 1.5.0
- name: redis
  repository: https://charts.bitnami.com/bitnami
  version: 12.10.1
digest: sha256:1582496e56507adc8e6e252822fab81d56965da919247db7a1a526f60d578d37
generated: "2021-05-14T05:24:48.7559322+02:00"
