dependencies:
- name: mariadb
  repository: https://charts.bitnami.com/bitnami
  version: 9.3.6
- name: common
  repository: https://charts.bitnami.com/bitnami
  version: 1.4.2
- name: redis
  repository: https://charts.bitnami.com/bitnami
  version: 12.10.1
digest: sha256:203742476e9dfe4f46c2a72015d2a97875cf598de138dfbfdc3f2d1c8ba61b1c
generated: "2021-04-10T02:06:55.3835825+02:00"
