dependencies:
- name: mariadb
  repository: https://charts.bitnami.com/bitnami
  version: 13.1.3
- name: common
  repository: https://charts.bitnami.com/bitnami
  version: 2.13.2
- name: memcached
  repository: https://charts.bitnami.com/bitnami
  version: 6.6.2
digest: sha256:e0f432f84180b597506bf450b9b75516699131e224ac810b3df885b578494394
generated: "2023-10-06T16:52:33.3558196+02:00"
