dependencies:
- name: mariadb
  repository: https://charts.bitnami.com/bitnami
  version: 11.5.7
- name: common
  repository: https://charts.bitnami.com/bitnami
  version: 2.2.4
- name: memcached
  repository: https://charts.bitnami.com/bitnami
  version: 6.3.14
digest: sha256:fc376431af82311e76b6ba5cd095aa1276421aa49fe91343638a41b61ed00c53
generated: "2023-04-28T07:24:22.2254736+02:00"
